
Microsoft Visual Studio Solution File, Format Version 11.00
# Visual Studio 2010
Project("{FAE04EC0-301F-11D3-BF4B-00C04F79EFBC}") = "BlackJackApp", "BlackJackApp\BlackJackApp.csproj", "{7DE0A988-6A42-4A02-A9D7-930902DF7AFA}"
EndProject
Global
	GlobalSection(SolutionConfigurationPlatforms) = preSolution
		Debug|Any CPU = Debug|Any CPU
		Release|Any CPU = Release|Any CPU
	EndGlobalSection
	GlobalSection(ProjectConfigurationPlatforms) = postSolution
		{7DE0A988-6A42-4A02-A9D7-930902DF7AFA}.Debug|Any CPU.ActiveCfg = Debug|Any CPU
		{7DE0A988-6A42-4A02-A9D7-930902DF7AFA}.Debug|Any CPU.Build.0 = Debug|Any CPU
		{7DE0A988-6A42-4A02-A9D7-930902DF7AFA}.Release|Any CPU.ActiveCfg = Release|Any CPU
		{7DE0A988-6A42-4A02-A9D7-930902DF7AFA}.Release|Any CPU.Build.0 = Release|Any CPU
	EndGlobalSection
	GlobalSection(SolutionProperties) = preSolution
		HideSolutionNode = FALSE
	EndGlobalSection
EndGlobal
